
Microsoft Visual Studio Solution File, Format Version 12.00
# Visual Studio Version 17
VisualStudioVersion = 17.0.31903.59
MinimumVisualStudioVersion = 10.0.40219.1
Project("{2150E333-8FDC-42A3-9474-1A3956D46DE8}") = "src", "src", "{827E0CD3-B72D-47B6-A68D-7590B98EB39B}"
EndProject
Project("{FAE04EC0-301F-11D3-BF4B-00C04F79EFBC}") = "Maseera.Core", "src\Maseera.Core\Maseera.Core.csproj", "{931D0F3F-AB17-4F49-AFD4-E6D4C59A7DAE}"
EndProject
Project("{FAE04EC0-301F-11D3-BF4B-00C04F79EFBC}") = "Maseera.Data", "src\Maseera.Data\Maseera.Data.csproj", "{33811D32-798A-4B1E-86DE-C98093B9647C}"
EndProject
Project("{FAE04EC0-301F-11D3-BF4B-00C04F79EFBC}") = "Maseera.Sql", "src\Maseera.Sql\Maseera.Sql.csproj", "{03BEB30E-EB18-46DC-9E99-0418AE2FE962}"
EndProject
Project("{FAE04EC0-301F-11D3-BF4B-00C04F79EFBC}") = "Maseera.Web", "src\Maseera.Web\Maseera.Web.csproj", "{6196330F-DBD1-4141-B72E-4B1DB7E77B7A}"
EndProject
Project("{FAE04EC0-301F-11D3-BF4B-00C04F79EFBC}") = "Maseera.Tests.Unit", "tests\Maseera.Tests.Unit\Maseera.Tests.Unit.csproj", "{D5092CBB-73EB-4026-8901-71AFFA7560C2}"
EndProject
Project("{FAE04EC0-301F-11D3-BF4B-00C04F79EFBC}") = "Maseera.Tests.Sql", "tests\Maseera.Tests.Sql\Maseera.Tests.Sql.csproj", "{2D59D984-A857-48C7-8796-060492C08712}"
EndProject
Global
	GlobalSection(SolutionConfigurationPlatforms) = preSolution
		Debug|Any CPU = Debug|Any CPU
		Debug|x64 = Debug|x64
		Debug|x86 = Debug|x86
		Release|Any CPU = Release|Any CPU
		Release|x64 = Release|x64
		Release|x86 = Release|x86
	EndGlobalSection
	GlobalSection(ProjectConfigurationPlatforms) = postSolution
		{931D0F3F-AB17-4F49-AFD4-E6D4C59A7DAE}.Debug|Any CPU.ActiveCfg = Debug|Any CPU
		{931D0F3F-AB17-4F49-AFD4-E6D4C59A7DAE}.Debug|Any CPU.Build.0 = Debug|Any CPU
		{931D0F3F-AB17-4F49-AFD4-E6D4C59A7DAE}.Debug|x64.ActiveCfg = Debug|Any CPU
		{931D0F3F-AB17-4F49-AFD4-E6D4C59A7DAE}.Debug|x64.Build.0 = Debug|Any CPU
		{931D0F3F-AB17-4F49-AFD4-E6D4C59A7DAE}.Debug|x86.ActiveCfg = Debug|Any CPU
		{931D0F3F-AB17-4F49-AFD4-E6D4C59A7DAE}.Debug|x86.Build.0 = Debug|Any CPU
		{931D0F3F-AB17-4F49-AFD4-E6D4C59A7DAE}.Release|Any CPU.ActiveCfg = Release|Any CPU
		{931D0F3F-AB17-4F49-AFD4-E6D4C59A7DAE}.Release|Any CPU.Build.0 = Release|Any CPU
		{931D0F3F-AB17-4F49-AFD4-E6D4C59A7DAE}.Release|x64.ActiveCfg = Release|Any CPU
		{931D0F3F-AB17-4F49-AFD4-E6D4C59A7DAE}.Release|x64.Build.0 = Release|Any CPU
		{931D0F3F-AB17-4F49-AFD4-E6D4C59A7DAE}.Release|x86.ActiveCfg = Release|Any CPU
		{931D0F3F-AB17-4F49-AFD4-E6D4C59A7DAE}.Release|x86.Build.0 = Release|Any CPU
		{33811D32-798A-4B1E-86DE-C98093B9647C}.Debug|Any CPU.ActiveCfg = Debug|Any CPU
		{33811D32-798A-4B1E-86DE-C98093B9647C}.Debug|Any CPU.Build.0 = Debug|Any CPU
		{33811D32-798A-4B1E-86DE-C98093B9647C}.Debug|x64.ActiveCfg = Debug|Any CPU
		{33811D32-798A-4B1E-86DE-C98093B9647C}.Debug|x64.Build.0 = Debug|Any CPU
		{33811D32-798A-4B1E-86DE-C98093B9647C}.Debug|x86.ActiveCfg = Debug|Any CPU
		{33811D32-798A-4B1E-86DE-C98093B9647C}.Debug|x86.Build.0 = Debug|Any CPU
		{33811D32-798A-4B1E-86DE-C98093B9647C}.Release|Any CPU.ActiveCfg = Release|Any CPU
		{33811D32-798A-4B1E-86DE-C98093B9647C}.Release|Any CPU.Build.0 = Release|Any CPU
		{33811D32-798A-4B1E-86DE-C98093B9647C}.Release|x64.ActiveCfg = Release|Any CPU
		{33811D32-798A-4B1E-86DE-C98093B9647C}.Release|x64.Build.0 = Release|Any CPU
		{33811D32-798A-4B1E-86DE-C98093B9647C}.Release|x86.ActiveCfg = Release|Any CPU
		{33811D32-798A-4B1E-86DE-C98093B9647C}.Release|x86.Build.0 = Release|Any CPU
		{03BEB30E-EB18-46DC-9E99-0418AE2FE962}.Debug|Any CPU.ActiveCfg = Debug|Any CPU
		{03BEB30E-EB18-46DC-9E99-0418AE2FE962}.Debug|Any CPU.Build.0 = Debug|Any CPU
		{03BEB30E-EB18-46DC-9E99-0418AE2FE962}.Debug|x64.ActiveCfg = Debug|Any CPU
		{03BEB30E-EB18-46DC-9E99-0418AE2FE962}.Debug|x64.Build.0 = Debug|Any CPU
		{03BEB30E-EB18-46DC-9E99-0418AE2FE962}.Debug|x86.ActiveCfg = Debug|Any CPU
		{03BEB30E-EB18-46DC-9E99-0418AE2FE962}.Debug|x86.Build.0 = Debug|Any CPU
		{03BEB30E-EB18-46DC-9E99-0418AE2FE962}.Release|Any CPU.ActiveCfg = Release|Any CPU
		{03BEB30E-EB18-46DC-9E99-0418AE2FE962}.Release|Any CPU.Build.0 = Release|Any CPU
		{03BEB30E-EB18-46DC-9E99-0418AE2FE962}.Release|x64.ActiveCfg = Release|Any CPU
		{03BEB30E-EB18-46DC-9E99-0418AE2FE962}.Release|x64.Build.0 = Release|Any CPU
		{03BEB30E-EB18-46DC-9E99-0418AE2FE962}.Release|x86.ActiveCfg = Release|Any CPU
		{03BEB30E-EB18-46DC-9E99-0418AE2FE962}.Release|x86.Build.0 = Release|Any CPU
		{6196330F-DBD1-4141-B72E-4B1DB7E77B7A}.Debug|Any CPU.ActiveCfg = Debug|Any CPU
		{6196330F-DBD1-4141-B72E-4B1DB7E77B7A}.Debug|Any CPU.Build.0 = Debug|Any CPU
		{6196330F-DBD1-4141-B72E-4B1DB7E77B7A}.Debug|x64.ActiveCfg = Debug|Any CPU
		{6196330F-DBD1-4141-B72E-4B1DB7E77B7A}.Debug|x64.Build.0 = Debug|Any CPU
		{6196330F-DBD1-4141-B72E-4B1DB7E77B7A}.Debug|x86.ActiveCfg = Debug|Any CPU
		{6196330F-DBD1-4141-B72E-4B1DB7E77B7A}.Debug|x86.Build.0 = Debug|Any CPU
		{6196330F-DBD1-4141-B72E-4B1DB7E77B7A}.Release|Any CPU.ActiveCfg = Release|Any CPU
		{6196330F-DBD1-4141-B72E-4B1DB7E77B7A}.Release|Any CPU.Build.0 = Release|Any CPU
		{6196330F-DBD1-4141-B72E-4B1DB7E77B7A}.Release|x64.ActiveCfg = Release|Any CPU
		{6196330F-DBD1-4141-B72E-4B1DB7E77B7A}.Release|x64.Build.0 = Release|Any CPU
		{6196330F-DBD1-4141-B72E-4B1DB7E77B7A}.Release|x86.ActiveCfg = Release|Any CPU
		{6196330F-DBD1-4141-B72E-4B1DB7E77B7A}.Release|x86.Build.0 = Release|Any CPU
		{D5092CBB-73EB-4026-8901-71AFFA7560C2}.Debug|Any CPU.ActiveCfg = Debug|Any CPU
		{D5092CBB-73EB-4026-8901-71AFFA7560C2}.Debug|Any CPU.Build.0 = Debug|Any CPU
		{D5092CBB-73EB-4026-8901-71AFFA7560C2}.Debug|x64.ActiveCfg = Debug|Any CPU
		{D5092CBB-73EB-4026-8901-71AFFA7560C2}.Debug|x64.Build.0 = Debug|Any CPU
		{D5092CBB-73EB-4026-8901-71AFFA7560C2}.Debug|x86.ActiveCfg = Debug|Any CPU
		{D5092CBB-73EB-4026-8901-71AFFA7560C2}.Debug|x86.Build.0 = Debug|Any CPU
		{D5092CBB-73EB-4026-8901-71AFFA7560C2}.Release|Any CPU.ActiveCfg = Release|Any CPU
		{D5092CBB-73EB-4026-8901-71AFFA7560C2}.Release|Any CPU.Build.0 = Release|Any CPU
		{D5092CBB-73EB-4026-8901-71AFFA7560C2}.Release|x64.ActiveCfg = Release|Any CPU
		{D5092CBB-73EB-4026-8901-71AFFA7560C2}.Release|x64.Build.0 = Release|Any CPU
		{D5092CBB-73EB-4026-8901-71AFFA7560C2}.Release|x86.ActiveCfg = Release|Any CPU
		{D5092CBB-73EB-4026-8901-71AFFA7560C2}.Release|x86.Build.0 = Release|Any CPU
		{2D59D984-A857-48C7-8796-060492C08712}.Debug|Any CPU.ActiveCfg = Debug|Any CPU
		{2D59D984-A857-48C7-8796-060492C08712}.Debug|Any CPU.Build.0 = Debug|Any CPU
		{2D59D984-A857-48C7-8796-060492C08712}.Debug|x64.ActiveCfg = Debug|Any CPU
		{2D59D984-A857-48C7-8796-060492C08712}.Debug|x64.Build.0 = Debug|Any CPU
		{2D59D984-A857-48C7-8796-060492C08712}.Debug|x86.ActiveCfg = Debug|Any CPU
		{2D59D984-A857-48C7-8796-060492C08712}.Debug|x86.Build.0 = Debug|Any CPU
		{2D59D984-A857-48C7-8796-060492C08712}.Release|Any CPU.ActiveCfg = Release|Any CPU
		{2D59D984-A857-48C7-8796-060492C08712}.Release|Any CPU.Build.0 = Release|Any CPU
		{2D59D984-A857-48C7-8796-060492C08712}.Release|x64.ActiveCfg = Release|Any CPU
		{2D59D984-A857-48C7-8796-060492C08712}.Release|x64.Build.0 = Release|Any CPU
		{2D59D984-A857-48C7-8796-060492C08712}.Release|x86.ActiveCfg = Release|Any CPU
		{2D59D984-A857-48C7-8796-060492C08712}.Release|x86.Build.0 = Release|Any CPU
	EndGlobalSection
	GlobalSection(SolutionProperties) = preSolution
		HideSolutionNode = FALSE
	EndGlobalSection
	GlobalSection(NestedProjects) = preSolution
		{931D0F3F-AB17-4F49-AFD4-E6D4C59A7DAE} = {827E0CD3-B72D-47B6-A68D-7590B98EB39B}
		{33811D32-798A-4B1E-86DE-C98093B9647C} = {827E0CD3-B72D-47B6-A68D-7590B98EB39B}
		{03BEB30E-EB18-46DC-9E99-0418AE2FE962} = {827E0CD3-B72D-47B6-A68D-7590B98EB39B}
		{6196330F-DBD1-4141-B72E-4B1DB7E77B7A} = {827E0CD3-B72D-47B6-A68D-7590B98EB39B}
		{D5092CBB-73EB-4026-8901-71AFFA7560C2} = {827E0CD3-B72D-47B6-A68D-7590B98EB39B}
		{2D59D984-A857-48C7-8796-060492C08712} = {827E0CD3-B72D-47B6-A68D-7590B98EB39B}
	EndGlobalSection
EndGlobal
